
Microsoft Visual Studio Solution File, Format Version 12.00
# Visual Studio Version 17
VisualStudioVersion = 17.9.34728.123
MinimumVisualStudioVersion = 10.0.40219.1
Project("{FAE04EC0-301F-11D3-BF4B-00C04F79EFBC}") = "PowerTradeService", "PowerTradeService\PowerTradeService.csproj", "{F8B75F69-7381-4C6A-A2BD-B025930568F8}"
EndProject
Project("{FAE04EC0-301F-11D3-BF4B-00C04F79EFBC}") = "PowerTradeSchedulerService", "PowerTradeSchedulerService\PowerTradeSchedulerService.csproj", "{E784F089-8E92-4305-AAAB-84D78AFD0C2F}"
EndProject
Project("{FAE04EC0-301F-11D3-BF4B-00C04F79EFBC}") = "PowerServiceUnitTests", "PowerServiceUnitTests\PowerServiceUnitTests.csproj", "{85638B28-001E-406D-A401-E211B87B4984}"
EndProject
Global
	GlobalSection(SolutionConfigurationPlatforms) = preSolution
		Debug|Any CPU = Debug|Any CPU
		Release|Any CPU = Release|Any CPU
	EndGlobalSection
	GlobalSection(ProjectConfigurationPlatforms) = postSolution
		{F8B75F69-7381-4C6A-A2BD-B025930568F8}.Debug|Any CPU.ActiveCfg = Debug|Any CPU
		{F8B75F69-7381-4C6A-A2BD-B025930568F8}.Debug|Any CPU.Build.0 = Debug|Any CPU
		{F8B75F69-7381-4C6A-A2BD-B025930568F8}.Release|Any CPU.ActiveCfg = Release|Any CPU
		{F8B75F69-7381-4C6A-A2BD-B025930568F8}.Release|Any CPU.Build.0 = Release|Any CPU
		{E784F089-8E92-4305-AAAB-84D78AFD0C2F}.Debug|Any CPU.ActiveCfg = Debug|Any CPU
		{E784F089-8E92-4305-AAAB-84D78AFD0C2F}.Debug|Any CPU.Build.0 = Debug|Any CPU
		{E784F089-8E92-4305-AAAB-84D78AFD0C2F}.Release|Any CPU.ActiveCfg = Release|Any CPU
		{E784F089-8E92-4305-AAAB-84D78AFD0C2F}.Release|Any CPU.Build.0 = Release|Any CPU
		{85638B28-001E-406D-A401-E211B87B4984}.Debug|Any CPU.ActiveCfg = Debug|Any CPU
		{85638B28-001E-406D-A401-E211B87B4984}.Debug|Any CPU.Build.0 = Debug|Any CPU
		{85638B28-001E-406D-A401-E211B87B4984}.Release|Any CPU.ActiveCfg = Release|Any CPU
		{85638B28-001E-406D-A401-E211B87B4984}.Release|Any CPU.Build.0 = Release|Any CPU
	EndGlobalSection
	GlobalSection(SolutionProperties) = preSolution
		HideSolutionNode = FALSE
	EndGlobalSection
	GlobalSection(ExtensibilityGlobals) = postSolution
		SolutionGuid = {3772AAD3-DE5E-48EA-A342-9FA4107139F7}
	EndGlobalSection
EndGlobal
